
Microsoft Visual Studio Solution File, Format Version 12.00
# Visual Studio Version 16
VisualStudioVersion = 16.0.30804.86
MinimumVisualStudioVersion = 10.0.40219.1
Project("{9A19103F-16F7-4668-BE54-9A1E7A4F7556}") = "PlacesAPI", "PlacesAPI\PlacesAPI.csproj", "{EC9BB3F2-85A1-4F11-BC6F-90BFCF23D352}"
EndProject
Global
	GlobalSection(SolutionConfigurationPlatforms) = preSolution
		Debug|Any CPU = Debug|Any CPU
		Release|Any CPU = Release|Any CPU
	EndGlobalSection
	GlobalSection(ProjectConfigurationPlatforms) = postSolution
		{EC9BB3F2-85A1-4F11-BC6F-90BFCF23D352}.Debug|Any CPU.ActiveCfg = Debug|Any CPU
		{EC9BB3F2-85A1-4F11-BC6F-90BFCF23D352}.Debug|Any CPU.Build.0 = Debug|Any CPU
		{EC9BB3F2-85A1-4F11-BC6F-90BFCF23D352}.Release|Any CPU.ActiveCfg = Release|Any CPU
		{EC9BB3F2-85A1-4F11-BC6F-90BFCF23D352}.Release|Any CPU.Build.0 = Release|Any CPU
	EndGlobalSection
	GlobalSection(SolutionProperties) = preSolution
		HideSolutionNode = FALSE
	EndGlobalSection
	GlobalSection(ExtensibilityGlobals) = postSolution
		SolutionGuid = {2221951A-40C7-47E9-A7E8-91F180006C24}
	EndGlobalSection
EndGlobal
